// !$*UTF8*$!
{
	archiveVersion = 1;
	classes = {
	};
	objectVersion = 56;
	objects = {

/* Begin PBXBuildFile section */
		922E808729C95DA3008E4672 /* NetworkService.swift in Sources */ = {isa = PBXBuildFile; fileRef = 922E808629C95DA3008E4672 /* NetworkService.swift */; };
		922E808929C95E5C008E4672 /* User.swift in Sources */ = {isa = PBXBuildFile; fileRef = 922E808829C95E5C008E4672 /* User.swift */; };
		92E2DBDE29C8227C006C6C32 /* RestaurantIOSApp.swift in Sources */ = {isa = PBXBuildFile; fileRef = 92E2DBDD29C8227C006C6C32 /* RestaurantIOSApp.swift */; };
		92E2DBE029C8227C006C6C32 /* ContentView.swift in Sources */ = {isa = PBXBuildFile; fileRef = 92E2DBDF29C8227C006C6C32 /* ContentView.swift */; };
		92E2DBE229C8227D006C6C32 /* Assets.xcassets in Resources */ = {isa = PBXBuildFile; fileRef = 92E2DBE129C8227D006C6C32 /* Assets.xcassets */; };
		92E2DBE529C8227D006C6C32 /* Preview Assets.xcassets in Resources */ = {isa = PBXBuildFile; fileRef = 92E2DBE429C8227D006C6C32 /* Preview Assets.xcassets */; };
		92E2DBEC29C82298006C6C32 /* AuthView.swift in Sources */ = {isa = PBXBuildFile; fileRef = 92E2DBEB29C82298006C6C32 /* AuthView.swift */; };
		92E2DBEE29C828B8006C6C32 /* EmployeeSignView.swift in Sources */ = {isa = PBXBuildFile; fileRef = 92E2DBED29C828B8006C6C32 /* EmployeeSignView.swift */; };
		92E2DBF029C82B00006C6C32 /* MenuAdminView.swift in Sources */ = {isa = PBXBuildFile; fileRef = 92E2DBEF29C82B00006C6C32 /* MenuAdminView.swift */; };
		92E2DBF329C82B4E006C6C32 /* TabBar.swift in Sources */ = {isa = PBXBuildFile; fileRef = 92E2DBF229C82B4E006C6C32 /* TabBar.swift */; };
		92E2DBF629C82CB6006C6C32 /* Product.swift in Sources */ = {isa = PBXBuildFile; fileRef = 92E2DBF529C82CB6006C6C32 /* Product.swift */; };
		92E2DBF829C82EDD006C6C32 /* AdminProductCell.swift in Sources */ = {isa = PBXBuildFile; fileRef = 92E2DBF729C82EDD006C6C32 /* AdminProductCell.swift */; };
		92E2DBFA29C83353006C6C32 /* AdminProductView.swift in Sources */ = {isa = PBXBuildFile; fileRef = 92E2DBF929C83353006C6C32 /* AdminProductView.swift */; };
/* End PBXBuildFile section */

/* Begin PBXFileReference section */
		922E808629C95DA3008E4672 /* NetworkService.swift */ = {isa = PBXFileReference; lastKnownFileType = sourcecode.swift; path = NetworkService.swift; sourceTree = "<group>"; };
		922E808829C95E5C008E4672 /* User.swift */ = {isa = PBXFileReference; lastKnownFileType = sourcecode.swift; path = User.swift; sourceTree = "<group>"; };
		92E2DBDA29C8227C006C6C32 /* RestaurantIOS.app */ = {isa = PBXFileReference; explicitFileType = wrapper.application; includeInIndex = 0; path = RestaurantIOS.app; sourceTree = BUILT_PRODUCTS_DIR; };
		92E2DBDD29C8227C006C6C32 /* RestaurantIOSApp.swift */ = {isa = PBXFileReference; lastKnownFileType = sourcecode.swift; path = RestaurantIOSApp.swift; sourceTree = "<group>"; };
		92E2DBDF29C8227C006C6C32 /* ContentView.swift */ = {isa = PBXFileReference; lastKnownFileType = sourcecode.swift; path = ContentView.swift; sourceTree = "<group>"; };
		92E2DBE129C8227D006C6C32 /* Assets.xcassets */ = {isa = PBXFileReference; lastKnownFileType = folder.assetcatalog; path = Assets.xcassets; sourceTree = "<group>"; };
		92E2DBE429C8227D006C6C32 /* Preview Assets.xcassets */ = {isa = PBXFileReference; lastKnownFileType = folder.assetcatalog; path = "Preview Assets.xcassets"; sourceTree = "<group>"; };
		92E2DBEB29C82298006C6C32 /* AuthView.swift */ = {isa = PBXFileReference; lastKnownFileType = sourcecode.swift; path = AuthView.swift; sourceTree = "<group>"; };
		92E2DBED29C828B8006C6C32 /* EmployeeSignView.swift */ = {isa = PBXFileReference; lastKnownFileType = sourcecode.swift; path = EmployeeSignView.swift; sourceTree = "<group>"; };
		92E2DBEF29C82B00006C6C32 /* MenuAdminView.swift */ = {isa = PBXFileReference; lastKnownFileType = sourcecode.swift; path = MenuAdminView.swift; sourceTree = "<group>"; };
		92E2DBF229C82B4E006C6C32 /* TabBar.swift */ = {isa = PBXFileReference; lastKnownFileType = sourcecode.swift; path = TabBar.swift; sourceTree = "<group>"; };
		92E2DBF529C82CB6006C6C32 /* Product.swift */ = {isa = PBXFileReference; lastKnownFileType = sourcecode.swift; path = Product.swift; sourceTree = "<group>"; };
		92E2DBF729C82EDD006C6C32 /* AdminProductCell.swift */ = {isa = PBXFileReference; lastKnownFileType = sourcecode.swift; path = AdminProductCell.swift; sourceTree = "<group>"; };
		92E2DBF929C83353006C6C32 /* AdminProductView.swift */ = {isa = PBXFileReference; lastKnownFileType = sourcecode.swift; path = AdminProductView.swift; sourceTree = "<group>"; };
/* End PBXFileReference section */

/* Begin PBXFrameworksBuildPhase section */
		92E2DBD729C8227C006C6C32 /* Frameworks */ = {
			isa = PBXFrameworksBuildPhase;
			buildActionMask = 2147483647;
			files = (
			);
			runOnlyForDeploymentPostprocessing = 0;
		};
/* End PBXFrameworksBuildPhase section */

/* Begin PBXGroup section */
		922E808A29C96097008E4672 /* Model */ = {
			isa = PBXGroup;
			children = (
				922E808829C95E5C008E4672 /* User.swift */,
			);
			path = Model;
			sourceTree = "<group>";
		};
		922E808B29C9609E008E4672 /* Service */ = {
			isa = PBXGroup;
			children = (
				922E808629C95DA3008E4672 /* NetworkService.swift */,
			);
			path = Service;
			sourceTree = "<group>";
		};
		92E2DBD129C8227C006C6C32 = {
			isa = PBXGroup;
			children = (
				92E2DBDC29C8227C006C6C32 /* RestaurantIOS */,
				92E2DBDB29C8227C006C6C32 /* Products */,
			);
			sourceTree = "<group>";
		};
		92E2DBDB29C8227C006C6C32 /* Products */ = {
			isa = PBXGroup;
			children = (
				92E2DBDA29C8227C006C6C32 /* RestaurantIOS.app */,
			);
			name = Products;
			sourceTree = "<group>";
		};
		92E2DBDC29C8227C006C6C32 /* RestaurantIOS */ = {
			isa = PBXGroup;
			children = (
				92E2DBDD29C8227C006C6C32 /* RestaurantIOSApp.swift */,
				92E2DBF529C82CB6006C6C32 /* Product.swift */,
				922E808A29C96097008E4672 /* Model */,
				922E808B29C9609E008E4672 /* Service */,
				92E2DBF129C82B14006C6C32 /* Views */,
				92E2DBE129C8227D006C6C32 /* Assets.xcassets */,
				92E2DBE329C8227D006C6C32 /* Preview Content */,
			);
			path = RestaurantIOS;
			sourceTree = "<group>";
		};
		92E2DBE329C8227D006C6C32 /* Preview Content */ = {
			isa = PBXGroup;
			children = (
				92E2DBE429C8227D006C6C32 /* Preview Assets.xcassets */,
			);
			path = "Preview Content";
			sourceTree = "<group>";
		};
		92E2DBF129C82B14006C6C32 /* Views */ = {
			isa = PBXGroup;
			children = (
				92E2DBDF29C8227C006C6C32 /* ContentView.swift */,
				92E2DBEB29C82298006C6C32 /* AuthView.swift */,
				92E2DBED29C828B8006C6C32 /* EmployeeSignView.swift */,
				92E2DBF429C82BEF006C6C32 /* AdminInterface */,
			);
			path = Views;
			sourceTree = "<group>";
		};
		92E2DBF429C82BEF006C6C32 /* AdminInterface */ = {
			isa = PBXGroup;
			children = (
				92E2DBEF29C82B00006C6C32 /* MenuAdminView.swift */,
				92E2DBF929C83353006C6C32 /* AdminProductView.swift */,
				92E2DBF229C82B4E006C6C32 /* TabBar.swift */,
				92E2DBF729C82EDD006C6C32 /* AdminProductCell.swift */,
			);
			path = AdminInterface;
			sourceTree = "<group>";
		};
/* End PBXGroup section */

/* Begin PBXNativeTarget section */
		92E2DBD929C8227C006C6C32 /* RestaurantIOS */ = {
			isa = PBXNativeTarget;
			buildConfigurationList = 92E2DBE829C8227D006C6C32 /* Build configuration list for PBXNativeTarget "RestaurantIOS" */;
			buildPhases = (
				92E2DBD629C8227C006C6C32 /* Sources */,
				92E2DBD729C8227C006C6C32 /* Frameworks */,
				92E2DBD829C8227C006C6C32 /* Resources */,
			);
			buildRules = (
			);
			dependencies = (
			);
			name = RestaurantIOS;
			productName = RestaurantIOS;
			productReference = 92E2DBDA29C8227C006C6C32 /* RestaurantIOS.app */;
			productType = "com.apple.product-type.application";
		};
/* End PBXNativeTarget section */

/* Begin PBXProject section */
		92E2DBD229C8227C006C6C32 /* Project object */ = {
			isa = PBXProject;
			attributes = {
				BuildIndependentTargetsInParallel = 1;
				LastSwiftUpdateCheck = 1420;
				LastUpgradeCheck = 1420;
				TargetAttributes = {
					92E2DBD929C8227C006C6C32 = {
						CreatedOnToolsVersion = 14.2;
					};
				};
			};
			buildConfigurationList = 92E2DBD529C8227C006C6C32 /* Build configuration list for PBXProject "RestaurantIOS" */;
			compatibilityVersion = "Xcode 14.0";
			developmentRegion = en;
			hasScannedForEncodings = 0;
			knownRegions = (
				en,
				Base,
			);
			mainGroup = 92E2DBD129C8227C006C6C32;
			productRefGroup = 92E2DBDB29C8227C006C6C32 /* Products */;
			projectDirPath = "";
			projectRoot = "";
			targets = (
				92E2DBD929C8227C006C6C32 /* RestaurantIOS */,
			);
		};
/* End PBXProject section */

/* Begin PBXResourcesBuildPhase section */
		92E2DBD829C8227C006C6C32 /* Resources */ = {
			isa = PBXResourcesBuildPhase;
			buildActionMask = 2147483647;
			files = (
				92E2DBE529C8227D006C6C32 /* Preview Assets.xcassets in Resources */,
				92E2DBE229C8227D006C6C32 /* Assets.xcassets in Resources */,
			);
			runOnlyForDeploymentPostprocessing = 0;
		};
/* End PBXResourcesBuildPhase section */

/* Begin PBXSourcesBuildPhase section */
		92E2DBD629C8227C006C6C32 /* Sources */ = {
			isa = PBXSourcesBuildPhase;
			buildActionMask = 2147483647;
			files = (
				922E808729C95DA3008E4672 /* NetworkService.swift in Sources */,
				92E2DBF029C82B00006C6C32 /* MenuAdminView.swift in Sources */,
				92E2DBE029C8227C006C6C32 /* ContentView.swift in Sources */,
				92E2DBEE29C828B8006C6C32 /* EmployeeSignView.swift in Sources */,
				92E2DBF829C82EDD006C6C32 /* AdminProductCell.swift in Sources */,
				92E2DBF329C82B4E006C6C32 /* TabBar.swift in Sources */,
				92E2DBDE29C8227C006C6C32 /* RestaurantIOSApp.swift in Sources */,
				92E2DBEC29C82298006C6C32 /* AuthView.swift in Sources */,
				92E2DBFA29C83353006C6C32 /* AdminProductView.swift in Sources */,
				92E2DBF629C82CB6006C6C32 /* Product.swift in Sources */,
				922E808929C95E5C008E4672 /* User.swift in Sources */,
			);
			runOnlyForDeploymentPostprocessing = 0;
		};
/* End PBXSourcesBuildPhase section */

/* Begin XCBuildConfiguration section */
		92E2DBE629C8227D006C6C32 /* Debug */ = {
			isa = XCBuildConfiguration;
			buildSettings = {
				ALWAYS_SEARCH_USER_PATHS = NO;
				CLANG_ANALYZER_NONNULL = YES;
				CLANG_ANALYZER_NUMBER_OBJECT_CONVERSION = YES_AGGRESSIVE;
				CLANG_CXX_LANGUAGE_STANDARD = "gnu++20";
				CLANG_ENABLE_MODULES = YES;
				CLANG_ENABLE_OBJC_ARC = YES;
				CLANG_ENABLE_OBJC_WEAK = YES;
				CLANG_WARN_BLOCK_CAPTURE_AUTORELEASING = YES;
				CLANG_WARN_BOOL_CONVERSION = YES;
				CLANG_WARN_COMMA = YES;
				CLANG_WARN_CONSTANT_CONVERSION = YES;
				CLANG_WARN_DEPRECATED_OBJC_IMPLEMENTATIONS = YES;
				CLANG_WARN_DIRECT_OBJC_ISA_USAGE = YES_ERROR;
				CLANG_WARN_DOCUMENTATION_COMMENTS = YES;
				CLANG_WARN_EMPTY_BODY = YES;
				CLANG_WARN_ENUM_CONVERSION = YES;
				CLANG_WARN_INFINITE_RECURSION = YES;
				CLANG_WARN_INT_CONVERSION = YES;
				CLANG_WARN_NON_LITERAL_NULL_CONVERSION = YES;
				CLANG_WARN_OBJC_IMPLICIT_RETAIN_SELF = YES;
				CLANG_WARN_OBJC_LITERAL_CONVERSION = YES;
				CLANG_WARN_OBJC_ROOT_CLASS = YES_ERROR;
				CLANG_WARN_QUOTED_INCLUDE_IN_FRAMEWORK_HEADER = YES;
				CLANG_WARN_RANGE_LOOP_ANALYSIS = YES;
				CLANG_WARN_STRICT_PROTOTYPES = YES;
				CLANG_WARN_SUSPICIOUS_MOVE = YES;
				CLANG_WARN_UNGUARDED_AVAILABILITY = YES_AGGRESSIVE;
				CLANG_WARN_UNREACHABLE_CODE = YES;
				CLANG_WARN__DUPLICATE_METHOD_MATCH = YES;
				COPY_PHASE_STRIP = NO;
				DEBUG_INFORMATION_FORMAT = dwarf;
				ENABLE_STRICT_OBJC_MSGSEND = YES;
				ENABLE_TESTABILITY = YES;
				GCC_C_LANGUAGE_STANDARD = gnu11;
				GCC_DYNAMIC_NO_PIC = NO;
				GCC_NO_COMMON_BLOCKS = YES;
				GCC_OPTIMIZATION_LEVEL = 0;
				GCC_PREPROCESSOR_DEFINITIONS = (
					"DEBUG=1",
					"$(inherited)",
				);
				GCC_WARN_64_TO_32_BIT_CONVERSION = YES;
				GCC_WARN_ABOUT_RETURN_TYPE = YES_ERROR;
				GCC_WARN_UNDECLARED_SELECTOR = YES;
				GCC_WARN_UNINITIALIZED_AUTOS = YES_AGGRESSIVE;
				GCC_WARN_UNUSED_FUNCTION = YES;
				GCC_WARN_UNUSED_VARIABLE = YES;
				IPHONEOS_DEPLOYMENT_TARGET = 16.2;
				MTL_ENABLE_DEBUG_INFO = INCLUDE_SOURCE;
				MTL_FAST_MATH = YES;
				ONLY_ACTIVE_ARCH = YES;
				SDKROOT = iphoneos;
				SWIFT_ACTIVE_COMPILATION_CONDITIONS = DEBUG;
				SWIFT_OPTIMIZATION_LEVEL = "-Onone";
			};
			name = Debug;
		};
		92E2DBE729C8227D006C6C32 /* Release */ = {
			isa = XCBuildConfiguration;
			buildSettings = {
				ALWAYS_SEARCH_USER_PATHS = NO;
				CLANG_ANALYZER_NONNULL = YES;
				CLANG_ANALYZER_NUMBER_OBJECT_CONVERSION = YES_AGGRESSIVE;
				CLANG_CXX_LANGUAGE_STANDARD = "gnu++20";
				CLANG_ENABLE_MODULES = YES;
				CLANG_ENABLE_OBJC_ARC = YES;
				CLANG_ENABLE_OBJC_WEAK = YES;
				CLANG_WARN_BLOCK_CAPTURE_AUTORELEASING = YES;
				CLANG_WARN_BOOL_CONVERSION = YES;
				CLANG_WARN_COMMA = YES;
				CLANG_WARN_CONSTANT_CONVERSION = YES;
				CLANG_WARN_DEPRECATED_OBJC_IMPLEMENTATIONS = YES;
				CLANG_WARN_DIRECT_OBJC_ISA_USAGE = YES_ERROR;
				CLANG_WARN_DOCUMENTATION_COMMENTS = YES;
				CLANG_WARN_EMPTY_BODY = YES;
				CLANG_WARN_ENUM_CONVERSION = YES;
				CLANG_WARN_INFINITE_RECURSION = YES;
				CLANG_WARN_INT_CONVERSION = YES;
				CLANG_WARN_NON_LITERAL_NULL_CONVERSION = YES;
				CLANG_WARN_OBJC_IMPLICIT_RETAIN_SELF = YES;
				CLANG_WARN_OBJC_LITERAL_CONVERSION = YES;
				CLANG_WARN_OBJC_ROOT_CLASS = YES_ERROR;
				CLANG_WARN_QUOTED_INCLUDE_IN_FRAMEWORK_HEADER = YES;
				CLANG_WARN_RANGE_LOOP_ANALYSIS = YES;
				CLANG_WARN_STRICT_PROTOTYPES = YES;
				CLANG_WARN_SUSPICIOUS_MOVE = YES;
				CLANG_WARN_UNGUARDED_AVAILABILITY = YES_AGGRESSIVE;
				CLANG_WARN_UNREACHABLE_CODE = YES;
				CLANG_WARN__DUPLICATE_METHOD_MATCH = YES;
				COPY_PHASE_STRIP = NO;
				DEBUG_INFORMATION_FORMAT = "dwarf-with-dsym";
				ENABLE_NS_ASSERTIONS = NO;
				ENABLE_STRICT_OBJC_MSGSEND = YES;
				GCC_C_LANGUAGE_STANDARD = gnu11;
				GCC_NO_COMMON_BLOCKS = YES;
				GCC_WARN_64_TO_32_BIT_CONVERSION = YES;
				GCC_WARN_ABOUT_RETURN_TYPE = YES_ERROR;
				GCC_WARN_UNDECLARED_SELECTOR = YES;
				GCC_WARN_UNINITIALIZED_AUTOS = YES_AGGRESSIVE;
				GCC_WARN_UNUSED_FUNCTION = YES;
				GCC_WARN_UNUSED_VARIABLE = YES;
				IPHONEOS_DEPLOYMENT_TARGET = 16.2;
				MTL_ENABLE_DEBUG_INFO = NO;
				MTL_FAST_MATH = YES;
				SDKROOT = iphoneos;
				SWIFT_COMPILATION_MODE = wholemodule;
				SWIFT_OPTIMIZATION_LEVEL = "-O";
				VALIDATE_PRODUCT = YES;
			};
			name = Release;
		};
		92E2DBE929C8227D006C6C32 /* Debug */ = {
			isa = XCBuildConfiguration;
			buildSettings = {
				ASSETCATALOG_COMPILER_APPICON_NAME = AppIcon;
				ASSETCATALOG_COMPILER_GLOBAL_ACCENT_COLOR_NAME = AccentColor;
				CODE_SIGN_STYLE = Automatic;
				CURRENT_PROJECT_VERSION = 1;
				DEVELOPMENT_ASSET_PATHS = "\"RestaurantIOS/Preview Content\"";
				DEVELOPMENT_TEAM = B9UD5PWR3N;
				ENABLE_PREVIEWS = YES;
				GENERATE_INFOPLIST_FILE = YES;
				INFOPLIST_KEY_UIApplicationSceneManifest_Generation = YES;
				INFOPLIST_KEY_UIApplicationSupportsIndirectInputEvents = YES;
				INFOPLIST_KEY_UILaunchScreen_Generation = YES;
				INFOPLIST_KEY_UISupportedInterfaceOrientations_iPad = "UIInterfaceOrientationPortrait UIInterfaceOrientationPortraitUpsideDown UIInterfaceOrientationLandscapeLeft UIInterfaceOrientationLandscapeRight";
				INFOPLIST_KEY_UISupportedInterfaceOrientations_iPhone = "UIInterfaceOrientationPortrait UIInterfaceOrientationLandscapeLeft UIInterfaceOrientationLandscapeRight";
				LD_RUNPATH_SEARCH_PATHS = (
					"$(inherited)",
					"@executable_path/Frameworks",
				);
				MARKETING_VERSION = 1.0;
				PRODUCT_BUNDLE_IDENTIFIER = ru.fsbisan.RestaurantIOS;
				PRODUCT_NAME = "$(TARGET_NAME)";
				SWIFT_EMIT_LOC_STRINGS = YES;
				SWIFT_VERSION = 5.0;
				TARGETED_DEVICE_FAMILY = "1,2";
			};
			name = Debug;
		};
		92E2DBEA29C8227D006C6C32 /* Release */ = {
			isa = XCBuildConfiguration;
			buildSettings = {
				ASSETCATALOG_COMPILER_APPICON_NAME = AppIcon;
				ASSETCATALOG_COMPILER_GLOBAL_ACCENT_COLOR_NAME = AccentColor;
				CODE_SIGN_STYLE = Automatic;
				CURRENT_PROJECT_VERSION = 1;
				DEVELOPMENT_ASSET_PATHS = "\"RestaurantIOS/Preview Content\"";
				DEVELOPMENT_TEAM = B9UD5PWR3N;
				ENABLE_PREVIEWS = YES;
				GENERATE_INFOPLIST_FILE = YES;
				INFOPLIST_KEY_UIApplicationSceneManifest_Generation = YES;
				INFOPLIST_KEY_UIApplicationSupportsIndirectInputEvents = YES;
				INFOPLIST_KEY_UILaunchScreen_Generation = YES;
				INFOPLIST_KEY_UISupportedInterfaceOrientations_iPad = "UIInterfaceOrientationPortrait UIInterfaceOrientationPortraitUpsideDown UIInterfaceOrientationLandscapeLeft UIInterfaceOrientationLandscapeRight";
				INFOPLIST_KEY_UISupportedInterfaceOrientations_iPhone = "UIInterfaceOrientationPortrait UIInterfaceOrientationLandscapeLeft UIInterfaceOrientationLandscapeRight";
				LD_RUNPATH_SEARCH_PATHS = (
					"$(inherited)",
					"@executable_path/Frameworks",
				);
				MARKETING_VERSION = 1.0;
				PRODUCT_BUNDLE_IDENTIFIER = ru.fsbisan.RestaurantIOS;
				PRODUCT_NAME = "$(TARGET_NAME)";
				SWIFT_EMIT_LOC_STRINGS = YES;
				SWIFT_VERSION = 5.0;
				TARGETED_DEVICE_FAMILY = "1,2";
			};
			name = Release;
		};
/* End XCBuildConfiguration section */

/* Begin XCConfigurationList section */
		92E2DBD529C8227C006C6C32 /* Build configuration list for PBXProject "RestaurantIOS" */ = {
			isa = XCConfigurationList;
			buildConfigurations = (
				92E2DBE629C8227D006C6C32 /* Debug */,
				92E2DBE729C8227D006C6C32 /* Release */,
			);
			defaultConfigurationIsVisible = 0;
			defaultConfigurationName = Release;
		};
		92E2DBE829C8227D006C6C32 /* Build configuration list for PBXNativeTarget "RestaurantIOS" */ = {
			isa = XCConfigurationList;
			buildConfigurations = (
				92E2DBE929C8227D006C6C32 /* Debug */,
				92E2DBEA29C8227D006C6C32 /* Release */,
			);
			defaultConfigurationIsVisible = 0;
			defaultConfigurationName = Release;
		};
/* End XCConfigurationList section */
	};
	rootObject = 92E2DBD229C8227C006C6C32 /* Project object */;
}
